
Microsoft Visual Studio Solution File, Format Version 12.00
# Visual Studio Version 17
VisualStudioVersion = 17.13.35931.197 d17.13
MinimumVisualStudioVersion = 10.0.40219.1
Project("{FAE04EC0-301F-11D3-BF4B-00C04F79EFBC}") = "Api", "Api\Api.csproj", "{C3767449-17E2-45C9-92FA-BB4BA3668C5F}"
EndProject
Global
	GlobalSection(SolutionConfigurationPlatforms) = preSolution
		Debug|Any CPU = Debug|Any CPU
		Release|Any CPU = Release|Any CPU
	EndGlobalSection
	GlobalSection(ProjectConfigurationPlatforms) = postSolution
		{C3767449-17E2-45C9-92FA-BB4BA3668C5F}.Debug|Any CPU.ActiveCfg = Debug|Any CPU
		{C3767449-17E2-45C9-92FA-BB4BA3668C5F}.Debug|Any CPU.Build.0 = Debug|Any CPU
		{C3767449-17E2-45C9-92FA-BB4BA3668C5F}.Release|Any CPU.ActiveCfg = Release|Any CPU
		{C3767449-17E2-45C9-92FA-BB4BA3668C5F}.Release|Any CPU.Build.0 = Release|Any CPU
	EndGlobalSection
	GlobalSection(SolutionProperties) = preSolution
		HideSolutionNode = FALSE
	EndGlobalSection
	GlobalSection(ExtensibilityGlobals) = postSolution
		SolutionGuid = {F347EF2D-00CB-47BE-820C-0E420D5B1085}
	EndGlobalSection
EndGlobal
