
Microsoft Visual Studio Solution File, Format Version 12.00
# Visual Studio Version 18
VisualStudioVersion = 18.3.11520.95
MinimumVisualStudioVersion = 10.0.40219.1
Project("{FAE04EC0-301F-11D3-BF4B-00C04F79EFBC}") = "StockApp.Api", "Api\StockApp.Api.csproj", "{C3767449-17E2-45C9-92FA-BB4BA3668C5F}"
EndProject
Project("{FAE04EC0-301F-11D3-BF4B-00C04F79EFBC}") = "StockApp.Core", "Stock.Core\StockApp.Core.csproj", "{4D995970-90DD-47A2-A490-FDC6C1A434EF}"
EndProject
Project("{FAE04EC0-301F-11D3-BF4B-00C04F79EFBC}") = "StockApp.Infrastructure", "Stock.Infrastructure\StockApp.Infrastructure.csproj", "{6ACB6058-1B4C-4888-A31D-FA82E9DEC253}"
EndProject
Project("{FAE04EC0-301F-11D3-BF4B-00C04F79EFBC}") = "AiStockAdvisor", "AiStockAdvisor\AiStockAdvisor.csproj", "{B2E13F8B-9781-4921-ADDB-07A5126F90CE}"
EndProject
Global
	GlobalSection(SolutionConfigurationPlatforms) = preSolution
		Debug|Any CPU = Debug|Any CPU
		Release|Any CPU = Release|Any CPU
	EndGlobalSection
	GlobalSection(ProjectConfigurationPlatforms) = postSolution
		{C3767449-17E2-45C9-92FA-BB4BA3668C5F}.Debug|Any CPU.ActiveCfg = Debug|Any CPU
		{C3767449-17E2-45C9-92FA-BB4BA3668C5F}.Debug|Any CPU.Build.0 = Debug|Any CPU
		{C3767449-17E2-45C9-92FA-BB4BA3668C5F}.Release|Any CPU.ActiveCfg = Release|Any CPU
		{C3767449-17E2-45C9-92FA-BB4BA3668C5F}.Release|Any CPU.Build.0 = Release|Any CPU
		{4D995970-90DD-47A2-A490-FDC6C1A434EF}.Debug|Any CPU.ActiveCfg = Debug|Any CPU
		{4D995970-90DD-47A2-A490-FDC6C1A434EF}.Debug|Any CPU.Build.0 = Debug|Any CPU
		{4D995970-90DD-47A2-A490-FDC6C1A434EF}.Release|Any CPU.ActiveCfg = Release|Any CPU
		{4D995970-90DD-47A2-A490-FDC6C1A434EF}.Release|Any CPU.Build.0 = Release|Any CPU
		{6ACB6058-1B4C-4888-A31D-FA82E9DEC253}.Debug|Any CPU.ActiveCfg = Debug|Any CPU
		{6ACB6058-1B4C-4888-A31D-FA82E9DEC253}.Debug|Any CPU.Build.0 = Debug|Any CPU
		{6ACB6058-1B4C-4888-A31D-FA82E9DEC253}.Release|Any CPU.ActiveCfg = Release|Any CPU
		{6ACB6058-1B4C-4888-A31D-FA82E9DEC253}.Release|Any CPU.Build.0 = Release|Any CPU
		{B2E13F8B-9781-4921-ADDB-07A5126F90CE}.Debug|Any CPU.ActiveCfg = Debug|Any CPU
		{B2E13F8B-9781-4921-ADDB-07A5126F90CE}.Debug|Any CPU.Build.0 = Debug|Any CPU
		{B2E13F8B-9781-4921-ADDB-07A5126F90CE}.Release|Any CPU.ActiveCfg = Release|Any CPU
		{B2E13F8B-9781-4921-ADDB-07A5126F90CE}.Release|Any CPU.Build.0 = Release|Any CPU
	EndGlobalSection
	GlobalSection(SolutionProperties) = preSolution
		HideSolutionNode = FALSE
	EndGlobalSection
	GlobalSection(ExtensibilityGlobals) = postSolution
		SolutionGuid = {F347EF2D-00CB-47BE-820C-0E420D5B1085}
	EndGlobalSection
EndGlobal
